
Microsoft Visual Studio Solution File, Format Version 12.00
# Visual Studio Version 17
VisualStudioVersion = 17.5.002.0
MinimumVisualStudioVersion = 10.0.40219.1
Project("{9A19103F-16F7-4668-BE54-9A1E7A4F7556}") = "Exo.WebApi", "Exo.WebApi.csproj", "{DCBE653E-826A-4CD2-90B3-8D32DB494F14}"
EndProject
Global
	GlobalSection(SolutionConfigurationPlatforms) = preSolution
		Debug|Any CPU = Debug|Any CPU
		Release|Any CPU = Release|Any CPU
	EndGlobalSection
	GlobalSection(ProjectConfigurationPlatforms) = postSolution
		{DCBE653E-826A-4CD2-90B3-8D32DB494F14}.Debug|Any CPU.ActiveCfg = Debug|Any CPU
		{DCBE653E-826A-4CD2-90B3-8D32DB494F14}.Debug|Any CPU.Build.0 = Debug|Any CPU
		{DCBE653E-826A-4CD2-90B3-8D32DB494F14}.Release|Any CPU.ActiveCfg = Release|Any CPU
		{DCBE653E-826A-4CD2-90B3-8D32DB494F14}.Release|Any CPU.Build.0 = Release|Any CPU
	EndGlobalSection
	GlobalSection(SolutionProperties) = preSolution
		HideSolutionNode = FALSE
	EndGlobalSection
	GlobalSection(ExtensibilityGlobals) = postSolution
		SolutionGuid = {6C525A1F-120B-40EA-B805-150597F9578F}
	EndGlobalSection
EndGlobal
